
Microsoft Visual Studio Solution File, Format Version 12.00
# Visual Studio 15
Project("{FAE04EC0-301F-11D3-BF4B-00C04F79EFBC}") = "Assembly-CSharp", "Assembly-CSharp.csproj", "{F16A6B3B-826A-1271-7FF2-090337D86324}"
EndProject
Global
	GlobalSection(SolutionConfigurationPlatforms) = preSolution
		Debug|Any CPU = Debug|Any CPU
		Release|Any CPU = Release|Any CPU
	EndGlobalSection
	GlobalSection(ProjectConfigurationPlatforms) = postSolution
		{F16A6B3B-826A-1271-7FF2-090337D86324}.Debug|Any CPU.ActiveCfg = Debug|Any CPU
		{F16A6B3B-826A-1271-7FF2-090337D86324}.Debug|Any CPU.Build.0 = Debug|Any CPU
		{F16A6B3B-826A-1271-7FF2-090337D86324}.Release|Any CPU.ActiveCfg = Release|Any CPU
		{F16A6B3B-826A-1271-7FF2-090337D86324}.Release|Any CPU.Build.0 = Release|Any CPU
	EndGlobalSection
	GlobalSection(SolutionProperties) = preSolution
		HideSolutionNode = FALSE
	EndGlobalSection
EndGlobal
